// !$*UTF8*$!
{
	archiveVersion = 1;
	classes = {
	};
	objectVersion = 46;
	objects = {

/* Begin PBXBuildFile section */
		2385556D1A705680005FEC31 /* main.m in Sources */ = {isa = PBXBuildFile; fileRef = 2385556C1A705680005FEC31 /* main.m */; };
		238555701A705680005FEC31 /* AppDelegate.m in Sources */ = {isa = PBXBuildFile; fileRef = 2385556F1A705680005FEC31 /* AppDelegate.m */; };
		238555731A705680005FEC31 /* RootViewController.m in Sources */ = {isa = PBXBuildFile; fileRef = 238555721A705680005FEC31 /* RootViewController.m */; };
		238555761A705681005FEC31 /* Main.storyboard in Resources */ = {isa = PBXBuildFile; fileRef = 238555741A705681005FEC31 /* Main.storyboard */; };
		238555781A705681005FEC31 /* Images.xcassets in Resources */ = {isa = PBXBuildFile; fileRef = 238555771A705681005FEC31 /* Images.xcassets */; };
		2385557B1A705681005FEC31 /* LaunchScreen.xib in Resources */ = {isa = PBXBuildFile; fileRef = 238555791A705681005FEC31 /* LaunchScreen.xib */; };
		238555871A705681005FEC31 /* ZaHunterTests.m in Sources */ = {isa = PBXBuildFile; fileRef = 238555861A705681005FEC31 /* ZaHunterTests.m */; };
		238555921A70587A005FEC31 /* Pizzeria.m in Sources */ = {isa = PBXBuildFile; fileRef = 238555911A70587A005FEC31 /* Pizzeria.m */; };
		238555941A7059B4005FEC31 /* CoreLocation.framework in Frameworks */ = {isa = PBXBuildFile; fileRef = 238555931A7059B4005FEC31 /* CoreLocation.framework */; };
		238555961A7059B9005FEC31 /* MapKit.framework in Frameworks */ = {isa = PBXBuildFile; fileRef = 238555951A7059B9005FEC31 /* MapKit.framework */; };
		23F2160F1A70E9110038CF5E /* MapViewController.m in Sources */ = {isa = PBXBuildFile; fileRef = 23F2160E1A70E9110038CF5E /* MapViewController.m */; };
/* End PBXBuildFile section */

/* Begin PBXContainerItemProxy section */
		238555811A705681005FEC31 /* PBXContainerItemProxy */ = {
			isa = PBXContainerItemProxy;
			containerPortal = 2385555F1A705680005FEC31 /* Project object */;
			proxyType = 1;
			remoteGlobalIDString = 238555661A705680005FEC31;
			remoteInfo = ZaHunter;
		};
/* End PBXContainerItemProxy section */

/* Begin PBXFileReference section */
		238555671A705680005FEC31 /* ZaHunter.app */ = {isa = PBXFileReference; explicitFileType = wrapper.application; includeInIndex = 0; path = ZaHunter.app; sourceTree = BUILT_PRODUCTS_DIR; };
		2385556B1A705680005FEC31 /* Info.plist */ = {isa = PBXFileReference; lastKnownFileType = text.plist.xml; path = Info.plist; sourceTree = "<group>"; };
		2385556C1A705680005FEC31 /* main.m */ = {isa = PBXFileReference; lastKnownFileType = sourcecode.c.objc; path = main.m; sourceTree = "<group>"; };
		2385556E1A705680005FEC31 /* AppDelegate.h */ = {isa = PBXFileReference; lastKnownFileType = sourcecode.c.h; path = AppDelegate.h; sourceTree = "<group>"; };
		2385556F1A705680005FEC31 /* AppDelegate.m */ = {isa = PBXFileReference; lastKnownFileType = sourcecode.c.objc; path = AppDelegate.m; sourceTree = "<group>"; };
		238555711A705680005FEC31 /* RootViewController.h */ = {isa = PBXFileReference; lastKnownFileType = sourcecode.c.h; path = RootViewController.h; sourceTree = "<group>"; };
		238555721A705680005FEC31 /* RootViewController.m */ = {isa = PBXFileReference; lastKnownFileType = sourcecode.c.objc; path = RootViewController.m; sourceTree = "<group>"; };
		238555751A705681005FEC31 /* Base */ = {isa = PBXFileReference; lastKnownFileType = file.storyboard; name = Base; path = Base.lproj/Main.storyboard; sourceTree = "<group>"; };
		238555771A705681005FEC31 /* Images.xcassets */ = {isa = PBXFileReference; lastKnownFileType = folder.assetcatalog; path = Images.xcassets; sourceTree = "<group>"; };
		2385557A1A705681005FEC31 /* Base */ = {isa = PBXFileReference; lastKnownFileType = file.xib; name = Base; path = Base.lproj/LaunchScreen.xib; sourceTree = "<group>"; };
		238555801A705681005FEC31 /* ZaHunterTests.xctest */ = {isa = PBXFileReference; explicitFileType = wrapper.cfbundle; includeInIndex = 0; path = ZaHunterTests.xctest; sourceTree = BUILT_PRODUCTS_DIR; };
		238555851A705681005FEC31 /* Info.plist */ = {isa = PBXFileReference; lastKnownFileType = text.plist.xml; path = Info.plist; sourceTree = "<group>"; };
		238555861A705681005FEC31 /* ZaHunterTests.m */ = {isa = PBXFileReference; lastKnownFileType = sourcecode.c.objc; path = ZaHunterTests.m; sourceTree = "<group>"; };
		238555901A70587A005FEC31 /* Pizzeria.h */ = {isa = PBXFileReference; fileEncoding = 4; lastKnownFileType = sourcecode.c.h; path = Pizzeria.h; sourceTree = "<group>"; };
		238555911A70587A005FEC31 /* Pizzeria.m */ = {isa = PBXFileReference; fileEncoding = 4; lastKnownFileType = sourcecode.c.objc; path = Pizzeria.m; sourceTree = "<group>"; };
		238555931A7059B4005FEC31 /* CoreLocation.framework */ = {isa = PBXFileReference; lastKnownFileType = wrapper.framework; name = CoreLocation.framework; path = System/Library/Frameworks/CoreLocation.framework; sourceTree = SDKROOT; };
		238555951A7059B9005FEC31 /* MapKit.framework */ = {isa = PBXFileReference; lastKnownFileType = wrapper.framework; name = MapKit.framework; path = System/Library/Frameworks/MapKit.framework; sourceTree = SDKROOT; };
		23F2160D1A70E9110038CF5E /* MapViewController.h */ = {isa = PBXFileReference; fileEncoding = 4; lastKnownFileType = sourcecode.c.h; path = MapViewController.h; sourceTree = "<group>"; };
		23F2160E1A70E9110038CF5E /* MapViewController.m */ = {isa = PBXFileReference; fileEncoding = 4; lastKnownFileType = sourcecode.c.objc; path = MapViewController.m; sourceTree = "<group>"; };
/* End PBXFileReference section */

/* Begin PBXFrameworksBuildPhase section */
		238555641A705680005FEC31 /* Frameworks */ = {
			isa = PBXFrameworksBuildPhase;
			buildActionMask = 2147483647;
			files = (
				238555961A7059B9005FEC31 /* MapKit.framework in Frameworks */,
				238555941A7059B4005FEC31 /* CoreLocation.framework in Frameworks */,
			);
			runOnlyForDeploymentPostprocessing = 0;
		};
		2385557D1A705681005FEC31 /* Frameworks */ = {
			isa = PBXFrameworksBuildPhase;
			buildActionMask = 2147483647;
			files = (
			);
			runOnlyForDeploymentPostprocessing = 0;
		};
/* End PBXFrameworksBuildPhase section */

/* Begin PBXGroup section */
		2385555E1A705680005FEC31 = {
			isa = PBXGroup;
			children = (
				238555951A7059B9005FEC31 /* MapKit.framework */,
				238555931A7059B4005FEC31 /* CoreLocation.framework */,
				238555691A705680005FEC31 /* ZaHunter */,
				238555831A705681005FEC31 /* ZaHunterTests */,
				238555681A705680005FEC31 /* Products */,
			);
			sourceTree = "<group>";
		};
		238555681A705680005FEC31 /* Products */ = {
			isa = PBXGroup;
			children = (
				238555671A705680005FEC31 /* ZaHunter.app */,
				238555801A705681005FEC31 /* ZaHunterTests.xctest */,
			);
			name = Products;
			sourceTree = "<group>";
		};
		238555691A705680005FEC31 /* ZaHunter */ = {
			isa = PBXGroup;
			children = (
				238555901A70587A005FEC31 /* Pizzeria.h */,
				238555911A70587A005FEC31 /* Pizzeria.m */,
				238555711A705680005FEC31 /* RootViewController.h */,
				238555721A705680005FEC31 /* RootViewController.m */,
				23F2160D1A70E9110038CF5E /* MapViewController.h */,
				23F2160E1A70E9110038CF5E /* MapViewController.m */,
				238555741A705681005FEC31 /* Main.storyboard */,
				238555771A705681005FEC31 /* Images.xcassets */,
				238555791A705681005FEC31 /* LaunchScreen.xib */,
				2385556A1A705680005FEC31 /* Supporting Files */,
			);
			path = ZaHunter;
			sourceTree = "<group>";
		};
		2385556A1A705680005FEC31 /* Supporting Files */ = {
			isa = PBXGroup;
			children = (
				2385556E1A705680005FEC31 /* AppDelegate.h */,
				2385556F1A705680005FEC31 /* AppDelegate.m */,
				2385556B1A705680005FEC31 /* Info.plist */,
				2385556C1A705680005FEC31 /* main.m */,
			);
			name = "Supporting Files";
			sourceTree = "<group>";
		};
		238555831A705681005FEC31 /* ZaHunterTests */ = {
			isa = PBXGroup;
			children = (
				238555861A705681005FEC31 /* ZaHunterTests.m */,
				238555841A705681005FEC31 /* Supporting Files */,
			);
			path = ZaHunterTests;
			sourceTree = "<group>";
		};
		238555841A705681005FEC31 /* Supporting Files */ = {
			isa = PBXGroup;
			children = (
				238555851A705681005FEC31 /* Info.plist */,
			);
			name = "Supporting Files";
			sourceTree = "<group>";
		};
/* End PBXGroup section */

/* Begin PBXNativeTarget section */
		238555661A705680005FEC31 /* ZaHunter */ = {
			isa = PBXNativeTarget;
			buildConfigurationList = 2385558A1A705681005FEC31 /* Build configuration list for PBXNativeTarget "ZaHunter" */;
			buildPhases = (
				238555631A705680005FEC31 /* Sources */,
				238555641A705680005FEC31 /* Frameworks */,
				238555651A705680005FEC31 /* Resources */,
			);
			buildRules = (
			);
			dependencies = (
			);
			name = ZaHunter;
			productName = ZaHunter;
			productReference = 238555671A705680005FEC31 /* ZaHunter.app */;
			productType = "com.apple.product-type.application";
		};
		2385557F1A705681005FEC31 /* ZaHunterTests */ = {
			isa = PBXNativeTarget;
			buildConfigurationList = 2385558D1A705681005FEC31 /* Build configuration list for PBXNativeTarget "ZaHunterTests" */;
			buildPhases = (
				2385557C1A705681005FEC31 /* Sources */,
				2385557D1A705681005FEC31 /* Frameworks */,
				2385557E1A705681005FEC31 /* Resources */,
			);
			buildRules = (
			);
			dependencies = (
				238555821A705681005FEC31 /* PBXTargetDependency */,
			);
			name = ZaHunterTests;
			productName = ZaHunterTests;
			productReference = 238555801A705681005FEC31 /* ZaHunterTests.xctest */;
			productType = "com.apple.product-type.bundle.unit-test";
		};
/* End PBXNativeTarget section */

/* Begin PBXProject section */
		2385555F1A705680005FEC31 /* Project object */ = {
			isa = PBXProject;
			attributes = {
				LastUpgradeCheck = 0610;
				ORGANIZATIONNAME = "Gabriel Enterprises";
				TargetAttributes = {
					238555661A705680005FEC31 = {
						CreatedOnToolsVersion = 6.1.1;
					};
					2385557F1A705681005FEC31 = {
						CreatedOnToolsVersion = 6.1.1;
						TestTargetID = 238555661A705680005FEC31;
					};
				};
			};
			buildConfigurationList = 238555621A705680005FEC31 /* Build configuration list for PBXProject "ZaHunter" */;
			compatibilityVersion = "Xcode 3.2";
			developmentRegion = English;
			hasScannedForEncodings = 0;
			knownRegions = (
				en,
				Base,
			);
			mainGroup = 2385555E1A705680005FEC31;
			productRefGroup = 238555681A705680005FEC31 /* Products */;
			projectDirPath = "";
			projectRoot = "";
			targets = (
				238555661A705680005FEC31 /* ZaHunter */,
				2385557F1A705681005FEC31 /* ZaHunterTests */,
			);
		};
/* End PBXProject section */

/* Begin PBXResourcesBuildPhase section */
		238555651A705680005FEC31 /* Resources */ = {
			isa = PBXResourcesBuildPhase;
			buildActionMask = 2147483647;
			files = (
				238555761A705681005FEC31 /* Main.storyboard in Resources */,
				2385557B1A705681005FEC31 /* LaunchScreen.xib in Resources */,
				238555781A705681005FEC31 /* Images.xcassets in Resources */,
			);
			runOnlyForDeploymentPostprocessing = 0;
		};
		2385557E1A705681005FEC31 /* Resources */ = {
			isa = PBXResourcesBuildPhase;
			buildActionMask = 2147483647;
			files = (
			);
			runOnlyForDeploymentPostprocessing = 0;
		};
/* End PBXResourcesBuildPhase section */

/* Begin PBXSourcesBuildPhase section */
		238555631A705680005FEC31 /* Sources */ = {
			isa = PBXSourcesBuildPhase;
			buildActionMask = 2147483647;
			files = (
				238555731A705680005FEC31 /* RootViewController.m in Sources */,
				238555701A705680005FEC31 /* AppDelegate.m in Sources */,
				23F2160F1A70E9110038CF5E /* MapViewController.m in Sources */,
				2385556D1A705680005FEC31 /* main.m in Sources */,
				238555921A70587A005FEC31 /* Pizzeria.m in Sources */,
			);
			runOnlyForDeploymentPostprocessing = 0;
		};
		2385557C1A705681005FEC31 /* Sources */ = {
			isa = PBXSourcesBuildPhase;
			buildActionMask = 2147483647;
			files = (
				238555871A705681005FEC31 /* ZaHunterTests.m in Sources */,
			);
			runOnlyForDeploymentPostprocessing = 0;
		};
/* End PBXSourcesBuildPhase section */

/* Begin PBXTargetDependency section */
		238555821A705681005FEC31 /* PBXTargetDependency */ = {
			isa = PBXTargetDependency;
			target = 238555661A705680005FEC31 /* ZaHunter */;
			targetProxy = 238555811A705681005FEC31 /* PBXContainerItemProxy */;
		};
/* End PBXTargetDependency section */

/* Begin PBXVariantGroup section */
		238555741A705681005FEC31 /* Main.storyboard */ = {
			isa = PBXVariantGroup;
			children = (
				238555751A705681005FEC31 /* Base */,
			);
			name = Main.storyboard;
			sourceTree = "<group>";
		};
		238555791A705681005FEC31 /* LaunchScreen.xib */ = {
			isa = PBXVariantGroup;
			children = (
				2385557A1A705681005FEC31 /* Base */,
			);
			name = LaunchScreen.xib;
			sourceTree = "<group>";
		};
/* End PBXVariantGroup section */

/* Begin XCBuildConfiguration section */
		238555881A705681005FEC31 /* Debug */ = {
			isa = XCBuildConfiguration;
			buildSettings = {
				ALWAYS_SEARCH_USER_PATHS = NO;
				CLANG_CXX_LANGUAGE_STANDARD = "gnu++0x";
				CLANG_CXX_LIBRARY = "libc++";
				CLANG_ENABLE_MODULES = YES;
				CLANG_ENABLE_OBJC_ARC = YES;
				CLANG_WARN_BOOL_CONVERSION = YES;
				CLANG_WARN_CONSTANT_CONVERSION = YES;
				CLANG_WARN_DIRECT_OBJC_ISA_USAGE = YES_ERROR;
				CLANG_WARN_EMPTY_BODY = YES;
				CLANG_WARN_ENUM_CONVERSION = YES;
				CLANG_WARN_INT_CONVERSION = YES;
				CLANG_WARN_OBJC_ROOT_CLASS = YES_ERROR;
				CLANG_WARN_UNREACHABLE_CODE = YES;
				CLANG_WARN__DUPLICATE_METHOD_MATCH = YES;
				"CODE_SIGN_IDENTITY[sdk=iphoneos*]" = "iPhone Developer";
				COPY_PHASE_STRIP = NO;
				ENABLE_STRICT_OBJC_MSGSEND = YES;
				GCC_C_LANGUAGE_STANDARD = gnu99;
				GCC_DYNAMIC_NO_PIC = NO;
				GCC_OPTIMIZATION_LEVEL = 0;
				GCC_PREPROCESSOR_DEFINITIONS = (
					"DEBUG=1",
					"$(inherited)",
				);
				GCC_SYMBOLS_PRIVATE_EXTERN = NO;
				GCC_WARN_64_TO_32_BIT_CONVERSION = YES;
				GCC_WARN_ABOUT_RETURN_TYPE = YES_ERROR;
				GCC_WARN_UNDECLARED_SELECTOR = YES;
				GCC_WARN_UNINITIALIZED_AUTOS = YES_AGGRESSIVE;
				GCC_WARN_UNUSED_FUNCTION = YES;
				GCC_WARN_UNUSED_VARIABLE = YES;
				IPHONEOS_DEPLOYMENT_TARGET = 8.1;
				MTL_ENABLE_DEBUG_INFO = YES;
				ONLY_ACTIVE_ARCH = YES;
				SDKROOT = iphoneos;
			};
			name = Debug;
		};
		238555891A705681005FEC31 /* Release */ = {
			isa = XCBuildConfiguration;
			buildSettings = {
				ALWAYS_SEARCH_USER_PATHS = NO;
				CLANG_CXX_LANGUAGE_STANDARD = "gnu++0x";
				CLANG_CXX_LIBRARY = "libc++";
				CLANG_ENABLE_MODULES = YES;
				CLANG_ENABLE_OBJC_ARC = YES;
				CLANG_WARN_BOOL_CONVERSION = YES;
				CLANG_WARN_CONSTANT_CONVERSION = YES;
				CLANG_WARN_DIRECT_OBJC_ISA_USAGE = YES_ERROR;
				CLANG_WARN_EMPTY_BODY = YES;
				CLANG_WARN_ENUM_CONVERSION = YES;
				CLANG_WARN_INT_CONVERSION = YES;
				CLANG_WARN_OBJC_ROOT_CLASS = YES_ERROR;
				CLANG_WARN_UNREACHABLE_CODE = YES;
				CLANG_WARN__DUPLICATE_METHOD_MATCH = YES;
				"CODE_SIGN_IDENTITY[sdk=iphoneos*]" = "iPhone Developer";
				COPY_PHASE_STRIP = YES;
				ENABLE_NS_ASSERTIONS = NO;
				ENABLE_STRICT_OBJC_MSGSEND = YES;
				GCC_C_LANGUAGE_STANDARD = gnu99;
				GCC_WARN_64_TO_32_BIT_CONVERSION = YES;
				GCC_WARN_ABOUT_RETURN_TYPE = YES_ERROR;
				GCC_WARN_UNDECLARED_SELECTOR = YES;
				GCC_WARN_UNINITIALIZED_AUTOS = YES_AGGRESSIVE;
				GCC_WARN_UNUSED_FUNCTION = YES;
				GCC_WARN_UNUSED_VARIABLE = YES;
				IPHONEOS_DEPLOYMENT_TARGET = 8.1;
				MTL_ENABLE_DEBUG_INFO = NO;
				SDKROOT = iphoneos;
				VALIDATE_PRODUCT = YES;
			};
			name = Release;
		};
		2385558B1A705681005FEC31 /* Debug */ = {
			isa = XCBuildConfiguration;
			buildSettings = {
				ASSETCATALOG_COMPILER_APPICON_NAME = AppIcon;
				INFOPLIST_FILE = ZaHunter/Info.plist;
				LD_RUNPATH_SEARCH_PATHS = "$(inherited) @executable_path/Frameworks";
				PRODUCT_NAME = "$(TARGET_NAME)";
			};
			name = Debug;
		};
		2385558C1A705681005FEC31 /* Release */ = {
			isa = XCBuildConfiguration;
			buildSettings = {
				ASSETCATALOG_COMPILER_APPICON_NAME = AppIcon;
				INFOPLIST_FILE = ZaHunter/Info.plist;
				LD_RUNPATH_SEARCH_PATHS = "$(inherited) @executable_path/Frameworks";
				PRODUCT_NAME = "$(TARGET_NAME)";
			};
			name = Release;
		};
		2385558E1A705681005FEC31 /* Debug */ = {
			isa = XCBuildConfiguration;
			buildSettings = {
				BUNDLE_LOADER = "$(TEST_HOST)";
				FRAMEWORK_SEARCH_PATHS = (
					"$(SDKROOT)/Developer/Library/Frameworks",
					"$(inherited)",
				);
				GCC_PREPROCESSOR_DEFINITIONS = (
					"DEBUG=1",
					"$(inherited)",
				);
				INFOPLIST_FILE = ZaHunterTests/Info.plist;
				LD_RUNPATH_SEARCH_PATHS = "$(inherited) @executable_path/Frameworks @loader_path/Frameworks";
				PRODUCT_NAME = "$(TARGET_NAME)";
				TEST_HOST = "$(BUILT_PRODUCTS_DIR)/ZaHunter.app/ZaHunter";
			};
			name = Debug;
		};
		2385558F1A705681005FEC31 /* Release */ = {
			isa = XCBuildConfiguration;
			buildSettings = {
				BUNDLE_LOADER = "$(TEST_HOST)";
				FRAMEWORK_SEARCH_PATHS = (
					"$(SDKROOT)/Developer/Library/Frameworks",
					"$(inherited)",
				);
				INFOPLIST_FILE = ZaHunterTests/Info.plist;
				LD_RUNPATH_SEARCH_PATHS = "$(inherited) @executable_path/Frameworks @loader_path/Frameworks";
				PRODUCT_NAME = "$(TARGET_NAME)";
				TEST_HOST = "$(BUILT_PRODUCTS_DIR)/ZaHunter.app/ZaHunter";
			};
			name = Release;
		};
/* End XCBuildConfiguration section */

/* Begin XCConfigurationList section */
		238555621A705680005FEC31 /* Build configuration list for PBXProject "ZaHunter" */ = {
			isa = XCConfigurationList;
			buildConfigurations = (
				238555881A705681005FEC31 /* Debug */,
				238555891A705681005FEC31 /* Release */,
			);
			defaultConfigurationIsVisible = 0;
			defaultConfigurationName = Release;
		};
		2385558A1A705681005FEC31 /* Build configuration list for PBXNativeTarget "ZaHunter" */ = {
			isa = XCConfigurationList;
			buildConfigurations = (
				2385558B1A705681005FEC31 /* Debug */,
				2385558C1A705681005FEC31 /* Release */,
			);
			defaultConfigurationIsVisible = 0;
			defaultConfigurationName = Release;
		};
		2385558D1A705681005FEC31 /* Build configuration list for PBXNativeTarget "ZaHunterTests" */ = {
			isa = XCConfigurationList;
			buildConfigurations = (
				2385558E1A705681005FEC31 /* Debug */,
				2385558F1A705681005FEC31 /* Release */,
			);
			defaultConfigurationIsVisible = 0;
			defaultConfigurationName = Release;
		};
/* End XCConfigurationList section */
	};
	rootObject = 2385555F1A705680005FEC31 /* Project object */;
}
